
Microsoft Visual Studio Solution File, Format Version 11.00
# Visual Studio 2010
Project("{FAE04EC0-301F-11D3-BF4B-00C04F79EFBC}") = "priest", "Assembly-CSharp-firstpass.csproj", "{DBC85C28-F16A-9DDB-8891-4877577BC6C7}"
EndProject
Project("{FAE04EC0-301F-11D3-BF4B-00C04F79EFBC}") = "priest", "Assembly-CSharp-Editor-firstpass.csproj", "{4F40F002-2224-6921-F340-FE037C7E18AF}"
EndProject
Global
	GlobalSection(SolutionConfigurationPlatforms) = preSolution
		Debug|Any CPU = Debug|Any CPU
		Release|Any CPU = Release|Any CPU
	EndGlobalSection
	GlobalSection(ProjectConfigurationPlatforms) = postSolution
		{DBC85C28-F16A-9DDB-8891-4877577BC6C7}.Debug|Any CPU.ActiveCfg = Debug|Any CPU
		{DBC85C28-F16A-9DDB-8891-4877577BC6C7}.Debug|Any CPU.Build.0 = Debug|Any CPU
		{DBC85C28-F16A-9DDB-8891-4877577BC6C7}.Release|Any CPU.ActiveCfg = Release|Any CPU
		{DBC85C28-F16A-9DDB-8891-4877577BC6C7}.Release|Any CPU.Build.0 = Release|Any CPU
		{4F40F002-2224-6921-F340-FE037C7E18AF}.Debug|Any CPU.ActiveCfg = Debug|Any CPU
		{4F40F002-2224-6921-F340-FE037C7E18AF}.Debug|Any CPU.Build.0 = Debug|Any CPU
		{4F40F002-2224-6921-F340-FE037C7E18AF}.Release|Any CPU.ActiveCfg = Release|Any CPU
		{4F40F002-2224-6921-F340-FE037C7E18AF}.Release|Any CPU.Build.0 = Release|Any CPU
	EndGlobalSection
	GlobalSection(SolutionProperties) = preSolution
		HideSolutionNode = FALSE
	EndGlobalSection
	GlobalSection(MonoDevelopProperties) = preSolution
		StartupItem = Assembly-CSharp.csproj
	EndGlobalSection
EndGlobal
