
<<<<<<< Updated upstream
Microsoft Visual Studio Solution File, Format Version 12.00
# Visual Studio 2015
Project("{FAE04EC0-301F-11D3-BF4B-00C04F79EFBC}") = "priest.Plugins", "priest.Plugins.csproj", "{47755256-DB75-DAB0-08EF-D422F02C6FD6}"
EndProject
Project("{FAE04EC0-301F-11D3-BF4B-00C04F79EFBC}") = "priest", "priest.csproj", "{D439F582-D4EB-04C3-382E-05C3301C6297}"
EndProject
<<<<<<< HEAD
Project("{FAE04EC0-301F-11D3-BF4B-00C04F79EFBC}") = "priest.Editor.Plugins", "priest.Editor.Plugins.csproj", "{97A42B6E-68F7-5EDB-92CA-1372637CAA12}"
=======
<<<<<<< HEAD
Project("{FAE04EC0-301F-11D3-BF4B-00C04F79EFBC}") = "priest.CSharp.Editor.Plugins", "priest.CSharp.Editor.Plugins.csproj", "{14AC135A-5414-28B9-DD74-3D706C140377}"
=======
Microsoft Visual Studio Solution File, Format Version 11.00
# Visual Studio 2010
Project("{FAE04EC0-301F-11D3-BF4B-00C04F79EFBC}") = "priest", "Assembly-CSharp-firstpass.csproj", "{DBC85C28-F16A-9DDB-8891-4877577BC6C7}"
EndProject
Project("{FAE04EC0-301F-11D3-BF4B-00C04F79EFBC}") = "priest", "Assembly-CSharp.csproj", "{68E4CC3D-9C7D-3B2F-E7A2-EA178CD7A3BC}"
EndProject
Project("{FAE04EC0-301F-11D3-BF4B-00C04F79EFBC}") = "priest", "Assembly-CSharp-Editor-firstpass.csproj", "{4F40F002-2224-6921-F340-FE037C7E18AF}"
>>>>>>> Stashed changes
=======
Project("{FAE04EC0-301F-11D3-BF4B-00C04F79EFBC}") = "priest.Editor.Plugins", "priest.Editor.Plugins.csproj", "{97A42B6E-68F7-5EDB-92CA-1372637CAA12}"
>>>>>>> master
>>>>>>> 8ae8205af0ab981de5b8e4954d75297990abfeee
EndProject
Global
	GlobalSection(SolutionConfigurationPlatforms) = preSolution
		Debug|Any CPU = Debug|Any CPU
		Release|Any CPU = Release|Any CPU
	EndGlobalSection
	GlobalSection(ProjectConfigurationPlatforms) = postSolution
<<<<<<< HEAD
=======
<<<<<<< HEAD
<<<<<<< Updated upstream
		{C8EF730A-1E19-B615-FC7B-856B1FA8029C}.Debug|Any CPU.ActiveCfg = Debug|Any CPU
		{C8EF730A-1E19-B615-FC7B-856B1FA8029C}.Debug|Any CPU.Build.0 = Debug|Any CPU
		{C8EF730A-1E19-B615-FC7B-856B1FA8029C}.Release|Any CPU.ActiveCfg = Release|Any CPU
		{C8EF730A-1E19-B615-FC7B-856B1FA8029C}.Release|Any CPU.Build.0 = Release|Any CPU
		{772E0FCB-4863-4A43-80D8-6C782BB92241}.Debug|Any CPU.ActiveCfg = Debug|Any CPU
		{772E0FCB-4863-4A43-80D8-6C782BB92241}.Debug|Any CPU.Build.0 = Debug|Any CPU
		{772E0FCB-4863-4A43-80D8-6C782BB92241}.Release|Any CPU.ActiveCfg = Release|Any CPU
		{772E0FCB-4863-4A43-80D8-6C782BB92241}.Release|Any CPU.Build.0 = Release|Any CPU
		{14AC135A-5414-28B9-DD74-3D706C140377}.Debug|Any CPU.ActiveCfg = Debug|Any CPU
		{14AC135A-5414-28B9-DD74-3D706C140377}.Debug|Any CPU.Build.0 = Debug|Any CPU
		{14AC135A-5414-28B9-DD74-3D706C140377}.Release|Any CPU.ActiveCfg = Release|Any CPU
		{14AC135A-5414-28B9-DD74-3D706C140377}.Release|Any CPU.Build.0 = Release|Any CPU
=======
		{DBC85C28-F16A-9DDB-8891-4877577BC6C7}.Debug|Any CPU.ActiveCfg = Debug|Any CPU
		{DBC85C28-F16A-9DDB-8891-4877577BC6C7}.Debug|Any CPU.Build.0 = Debug|Any CPU
		{DBC85C28-F16A-9DDB-8891-4877577BC6C7}.Release|Any CPU.ActiveCfg = Release|Any CPU
		{DBC85C28-F16A-9DDB-8891-4877577BC6C7}.Release|Any CPU.Build.0 = Release|Any CPU
		{68E4CC3D-9C7D-3B2F-E7A2-EA178CD7A3BC}.Debug|Any CPU.ActiveCfg = Debug|Any CPU
		{68E4CC3D-9C7D-3B2F-E7A2-EA178CD7A3BC}.Debug|Any CPU.Build.0 = Debug|Any CPU
		{68E4CC3D-9C7D-3B2F-E7A2-EA178CD7A3BC}.Release|Any CPU.ActiveCfg = Release|Any CPU
		{68E4CC3D-9C7D-3B2F-E7A2-EA178CD7A3BC}.Release|Any CPU.Build.0 = Release|Any CPU
		{4F40F002-2224-6921-F340-FE037C7E18AF}.Debug|Any CPU.ActiveCfg = Debug|Any CPU
		{4F40F002-2224-6921-F340-FE037C7E18AF}.Debug|Any CPU.Build.0 = Debug|Any CPU
		{4F40F002-2224-6921-F340-FE037C7E18AF}.Release|Any CPU.ActiveCfg = Release|Any CPU
		{4F40F002-2224-6921-F340-FE037C7E18AF}.Release|Any CPU.Build.0 = Release|Any CPU
>>>>>>> Stashed changes
=======
>>>>>>> 8ae8205af0ab981de5b8e4954d75297990abfeee
		{47755256-DB75-DAB0-08EF-D422F02C6FD6}.Debug|Any CPU.ActiveCfg = Debug|Any CPU
		{47755256-DB75-DAB0-08EF-D422F02C6FD6}.Debug|Any CPU.Build.0 = Debug|Any CPU
		{47755256-DB75-DAB0-08EF-D422F02C6FD6}.Release|Any CPU.ActiveCfg = Release|Any CPU
		{47755256-DB75-DAB0-08EF-D422F02C6FD6}.Release|Any CPU.Build.0 = Release|Any CPU
		{D439F582-D4EB-04C3-382E-05C3301C6297}.Debug|Any CPU.ActiveCfg = Debug|Any CPU
		{D439F582-D4EB-04C3-382E-05C3301C6297}.Debug|Any CPU.Build.0 = Debug|Any CPU
		{D439F582-D4EB-04C3-382E-05C3301C6297}.Release|Any CPU.ActiveCfg = Release|Any CPU
		{D439F582-D4EB-04C3-382E-05C3301C6297}.Release|Any CPU.Build.0 = Release|Any CPU
		{97A42B6E-68F7-5EDB-92CA-1372637CAA12}.Debug|Any CPU.ActiveCfg = Debug|Any CPU
		{97A42B6E-68F7-5EDB-92CA-1372637CAA12}.Debug|Any CPU.Build.0 = Debug|Any CPU
		{97A42B6E-68F7-5EDB-92CA-1372637CAA12}.Release|Any CPU.ActiveCfg = Release|Any CPU
		{97A42B6E-68F7-5EDB-92CA-1372637CAA12}.Release|Any CPU.Build.0 = Release|Any CPU
<<<<<<< HEAD
=======
>>>>>>> master
>>>>>>> 8ae8205af0ab981de5b8e4954d75297990abfeee
	EndGlobalSection
	GlobalSection(SolutionProperties) = preSolution
		HideSolutionNode = FALSE
	EndGlobalSection
EndGlobal
